{
    "_readme": [
        "This file locks the dependencies of your project to a known state",
        "Read more about it at https://getcomposer.org/doc/01-basic-usage.md#installing-dependencies",
        "This file is @generated automatically"
    ],
    "content-hash": "4bbc47742bbb873ca3bc374f1556e74c",
    "packages": [
        {
            "name": "pixelrobin/php-feather",
            "version": "v2.0.0",
            "source": {
                "type": "git",
                "url": "https://github.com/Pixelrobin/php-feather.git",
                "reference": "878334ee7512c9766d6a2f756734393aaf5f0044"
            },
            "dist": {
                "type": "zip",
                "url": "https://api.github.com/repos/Pixelrobin/php-feather/zipball/878334ee7512c9766d6a2f756734393aaf5f0044",
                "reference": "878334ee7512c9766d6a2f756734393aaf5f0044",
                "shasum": ""
            },
            "require": {
                "php": ">=7.4"
            },
            "require-dev": {
                "ext-dom": "*",
                "ext-json": "*",
                "ext-libxml": "*",
                "ext-simplexml": "*",
                "npm-asset/feather-icons": ">=4.28",
                "phpunit/phpunit": "^9.5"
            },
            "type": "library",
            "autoload": {
                "psr-4": {
                    "Feather\\": "src/"
                }
            },
            "notification-url": "https://packagist.org/downloads/",
            "license": [
                "MIT"
            ],
            "authors": [
                {
                    "name": "Michael Savchuk",
                    "email": "pixelrobin@hotmail.com"
                },
                {
                    "name": "Nate Wiebe",
                    "email": "nate@northern.co"
                }
            ],
            "description": "PHP library for feather icons",
            "keywords": [
                "feather",
                "icons",
                "pixelrobin",
                "svg"
            ],
            "support": {
                "issues": "https://github.com/Pixelrobin/php-feather/issues",
                "source": "https://github.com/Pixelrobin/php-feather/tree/v2.0.0"
            },
            "time": "2022-04-06T13:33:40+00:00"
        }
    ],
    "packages-dev": [],
    "aliases": [],
    "minimum-stability": "stable",
    "stability-flags": [],
    "prefer-stable": false,
    "prefer-lowest": false,
    "platform": [],
    "platform-dev": [],
    "plugin-api-version": "2.6.0"
}
